
Microsoft Visual Studio Solution File, Format Version 12.00
# Visual Studio Version 17
VisualStudioVersion = 17.0.31717.71
MinimumVisualStudioVersion = 10.0.40219.1
Project("{9A19103F-16F7-4668-BE54-9A1E7A4F7556}") = "Pixzor", "Pixzor.csproj", "{F518E2EE-D0F2-4A76-8A2A-597BCE2E80C5}"
EndProject
Global
	GlobalSection(SolutionConfigurationPlatforms) = preSolution
		Debug|Any CPU = Debug|Any CPU
		Release|Any CPU = Release|Any CPU
	EndGlobalSection
	GlobalSection(ProjectConfigurationPlatforms) = postSolution
		{F518E2EE-D0F2-4A76-8A2A-597BCE2E80C5}.Debug|Any CPU.ActiveCfg = Debug|Any CPU
		{F518E2EE-D0F2-4A76-8A2A-597BCE2E80C5}.Debug|Any CPU.Build.0 = Debug|Any CPU
		{F518E2EE-D0F2-4A76-8A2A-597BCE2E80C5}.Release|Any CPU.ActiveCfg = Release|Any CPU
		{F518E2EE-D0F2-4A76-8A2A-597BCE2E80C5}.Release|Any CPU.Build.0 = Release|Any CPU
	EndGlobalSection
	GlobalSection(SolutionProperties) = preSolution
		HideSolutionNode = FALSE
	EndGlobalSection
	GlobalSection(ExtensibilityGlobals) = postSolution
		SolutionGuid = {F94D77BA-F617-40CE-A116-C25D4BA55787}
	EndGlobalSection
EndGlobal